github.com/garyburd/redigo v1.6.0/go.mod h1:NR3MbYisc3/PwhQ00EMzDiPmrwpPxAn5GI05/YaO1SY=
github.com/h2non/bimg v1.1.2 h1:J75W2eM5FT0KjcwsL2aiy1Ilu0Xy0ENb0sU+HHUJAvw=
github.com/h2non/bimg v1.1.2/go.mod h1:R3+UiYwkK4rQl6KVFTOFJHitgLbZXBZNFh2cv3AEbp8=
github.com/h2non/bimg v1.1.4 h1:6qf7qDo3d9axbNUOcSoQmzleBCMTcQ1PwF3FgGhX4O0=
github.com/h2non/bimg v1.1.4/go.mod h1:R3+UiYwkK4rQl6KVFTOFJHitgLbZXBZNFh2cv3AEbp8=
github.com/h2non/bimg v1.1.7 h1:JKJe70nDNMWp2wFnTLMGB8qJWQQMaKRn56uHmC/4+34=
github.com/h2non/bimg v1.1.7/go.mod h1:R3+UiYwkK4rQl6KVFTOFJHitgLbZXBZNFh2cv3AEbp8=
github.com/h2non/filetype v1.1.0 h1:Or/gjocJrJRNK/Cri/TDEKFjAR+cfG6eK65NGYB6gBA=
github.com/h2non/filetype v1.1.0/go.mod h1:319b3zT68BvV+WRj7cwy856M2ehB3HqNOt6sy1HndBY=
github.com/hashicorp/golang-lru v0.0.0-20160813221303-0a025b7e63ad h1:eMxs9EL0PvIGS9TTtxg4R+JxuPGav82J8rA+GFnY7po=
github.com/hashicorp/golang-lru v0.0.0-20160813221303-0a025b7e63ad/go.mod h1:/m3WP610KZHVQ1SGc6re/UDhFvYD7pJ4Ao+sR/qLZy8=
github.com/rs/cors v0.0.0-20170727213201-7af7a1e09ba3 h1:86ukAHRTa2CXdBnWJHcjjPPGTyLGEF488OFRsbBAuFs=
github.com/rs/cors v0.0.0-20170727213201-7af7a1e09ba3/go.mod h1:gFx+x8UowdsKA9AchylcLynDq+nNFfI8FkUZdN/jGCU=
gopkg.in/throttled/throttled.v2 v2.0.3 h1:PGm7nfjjexecEyI2knw1akeLcrjzqxuYSU9a04R8rfU=
gopkg.in/throttled/throttled.v2 v2.0.3/go.mod h1:L4cTNZO77XKEXtn8HNFRCMNGZPtRRKAhyuJBSvK/T90=
