# This file is autogenerated, do not edit; changes may be undone by the next 'dep ensure'.


[[projects]]
  branch = "master"
  name = "github.com/hashicorp/golang-lru"
  packages = [".","simplelru"]
  revision = "0a025b7e63adc15a622f29b0b2c4c3848243bbf6"

[[projects]]
  name = "github.com/rs/cors"
  packages = ["."]
  revision = "7af7a1e09ba336d2ea14b1ce73bf693c6837dbf6"
  version = "v1.2"

[[projects]]
  name = "gopkg.in/h2non/bimg.v1"
  packages = ["."]
  revision = "02e621739c77c791d8c153f240b7a1f75b07816f"
  version = "v1.0.18"

[[projects]]
  name = "gopkg.in/h2non/filetype.v0"
  packages = ["."]
  revision = "098c8d214a5ac605000f2a822fdc86793300cde6"
  version = "v0.1.0"

[[projects]]
  name = "gopkg.in/h2non/filetype.v1"
  packages = ["matchers","types"]
  revision = "22e255079ab40241c671d457081831d972f0436b"
  version = "v1.0.3"

[[projects]]
  name = "gopkg.in/throttled/throttled.v2"
  packages = [".","store/memstore"]
  revision = "b5675e93f9d999b22f92d859a5bf2138d3641af4"
  version = "v2.0.3"

[solve-meta]
  analyzer-name = "dep"
  analyzer-version = 1
  inputs-digest = "e182b5b5ebe3587488846483d45821b2b53f8fdd113c8633aceacd79aba49add"
  solver-name = "gps-cdcl"
  solver-version = 1
