# This file is autogenerated, do not edit; changes may be undone by the next 'dep ensure'.


[[projects]]
  branch = "master"
  name = "github.com/hashicorp/golang-lru"
  packages = [".","simplelru"]
  revision = "0a025b7e63adc15a622f29b0b2c4c3848243bbf6"

[[projects]]
  name = "github.com/rs/cors"
  packages = ["."]
  revision = "7af7a1e09ba336d2ea14b1ce73bf693c6837dbf6"
  version = "v1.2"

[[projects]]
  name = "github.com/tj/go-debug"
  packages = ["."]
  revision = "ff4a55a20a86994118644bbddc6a216da193cc13"
  version = "v2.0.0"

[[projects]]
  name = "gopkg.in/h2non/bimg.v1"
  packages = ["."]
  revision = "8aff78e4ec8e8b66c753bafb27374488009cfb36"
  version = "v1.0.17"

[[projects]]
  name = "gopkg.in/h2non/filetype.v0"
  packages = ["."]
  revision = "098c8d214a5ac605000f2a822fdc86793300cde6"
  version = "v0.1.0"

[[projects]]
  name = "gopkg.in/h2non/filetype.v1"
  packages = ["matchers","types"]
  revision = "22e255079ab40241c671d457081831d972f0436b"
  version = "v1.0.3"

[[projects]]
  name = "gopkg.in/throttled/throttled.v2"
  packages = [".","store/memstore"]
  revision = "b5675e93f9d999b22f92d859a5bf2138d3641af4"
  version = "v2.0.3"

[solve-meta]
  analyzer-name = "dep"
  analyzer-version = 1
  inputs-digest = "96331f8ecf96ea7df361afa743e1e7525eef1a9dcaf74ffd3fefd016d323fd5f"
  solver-name = "gps-cdcl"
  solver-version = 1
